
Microsoft Visual Studio Solution File, Format Version 12.00
# Visual Studio 15
Project("{FAE04EC0-301F-11D3-BF4B-00C04F79EFBC}") = "Assembly-CSharp", "Assembly-CSharp.csproj", "{685AEC6A-69D7-21A3-9650-19EE00382993}"
EndProject
Project("{FAE04EC0-301F-11D3-BF4B-00C04F79EFBC}") = "PhotonVoice.API", "PhotonVoice.API.csproj", "{AE91A3A4-F258-0C24-8E42-F9E18211560E}"
EndProject
Project("{FAE04EC0-301F-11D3-BF4B-00C04F79EFBC}") = "Assembly-CSharp-firstpass", "Assembly-CSharp-firstpass.csproj", "{4A158743-0366-34F9-A9B7-1BE6CFF1ED3E}"
EndProject
Project("{FAE04EC0-301F-11D3-BF4B-00C04F79EFBC}") = "PhotonVoice", "PhotonVoice.csproj", "{49B0A596-A422-6BCC-AEA7-F62253C000CF}"
EndProject
Project("{FAE04EC0-301F-11D3-BF4B-00C04F79EFBC}") = "PhotonUnityNetworking.Demos", "PhotonUnityNetworking.Demos.csproj", "{25EF587F-2600-52EA-E70C-3FF3C1156471}"
EndProject
Project("{FAE04EC0-301F-11D3-BF4B-00C04F79EFBC}") = "PhotonRealtime", "PhotonRealtime.csproj", "{891DA2B3-46D5-6891-60DD-EFDD571CE2D7}"
EndProject
Project("{FAE04EC0-301F-11D3-BF4B-00C04F79EFBC}") = "PhotonUnityNetworking", "PhotonUnityNetworking.csproj", "{694E3866-A15A-8212-BD0E-F4FACCA2078C}"
EndProject
Project("{FAE04EC0-301F-11D3-BF4B-00C04F79EFBC}") = "PhotonUnityNetworking.Utilities", "PhotonUnityNetworking.Utilities.csproj", "{E445CB2F-92B1-7360-F87F-3C386AE899DC}"
EndProject
Project("{FAE04EC0-301F-11D3-BF4B-00C04F79EFBC}") = "PhotonChat", "PhotonChat.csproj", "{C97E0941-7C7C-2680-AA46-0225F31DE632}"
EndProject
Project("{FAE04EC0-301F-11D3-BF4B-00C04F79EFBC}") = "PhotonVoice.PUN", "PhotonVoice.PUN.csproj", "{088F84A8-9389-8C86-08F1-083A8BE42362}"
EndProject
Project("{FAE04EC0-301F-11D3-BF4B-00C04F79EFBC}") = "PhotonUnityNetworking.Editor", "PhotonUnityNetworking.Editor.csproj", "{7FED09DF-C797-5867-297B-4BA5542D2D56}"
EndProject
Project("{FAE04EC0-301F-11D3-BF4B-00C04F79EFBC}") = "Assembly-CSharp-Editor-firstpass", "Assembly-CSharp-Editor-firstpass.csproj", "{22957F35-9A34-7756-A291-BEB7179FBADF}"
EndProject
Project("{FAE04EC0-301F-11D3-BF4B-00C04F79EFBC}") = "Assembly-CSharp-Editor", "Assembly-CSharp-Editor.csproj", "{BAD8ABDC-E8F8-0FDE-5DBE-A82103E1EC7F}"
EndProject
Project("{FAE04EC0-301F-11D3-BF4B-00C04F79EFBC}") = "PhotonVoice.Editor", "PhotonVoice.Editor.csproj", "{C19C5668-6D8A-B73A-B747-970FDC667180}"
EndProject
Project("{FAE04EC0-301F-11D3-BF4B-00C04F79EFBC}") = "PhotonUnityNetworking.Utilities.PhotonPlayer.Editor", "PhotonUnityNetworking.Utilities.PhotonPlayer.Editor.csproj", "{D88E59FF-BB98-0D21-3DEB-99EA83A409C0}"
EndProject
Project("{FAE04EC0-301F-11D3-BF4B-00C04F79EFBC}") = "PunDemos.DemoSlotcarEditor", "PunDemos.DemoSlotcarEditor.csproj", "{642B1072-D35D-B5E0-28B4-DD332F95D96E}"
EndProject
Project("{FAE04EC0-301F-11D3-BF4B-00C04F79EFBC}") = "PhotonUnityNetworking.Utilities.Culling.Editor", "PhotonUnityNetworking.Utilities.Culling.Editor.csproj", "{1212652B-551B-415D-CB9A-83315D02A801}"
EndProject
Project("{FAE04EC0-301F-11D3-BF4B-00C04F79EFBC}") = "PunDemos.DemoHubEditor", "PunDemos.DemoHubEditor.csproj", "{5BD3BFBC-B65B-41D3-F4D6-BBB17B140391}"
EndProject
Project("{FAE04EC0-301F-11D3-BF4B-00C04F79EFBC}") = "PhotonVoice.Utilities.Editor", "PhotonVoice.Utilities.Editor.csproj", "{B902FA9E-A064-C408-719D-0D304A950C90}"
EndProject
Project("{FAE04EC0-301F-11D3-BF4B-00C04F79EFBC}") = "PhotonVoice.PUN.Editor", "PhotonVoice.PUN.Editor.csproj", "{E8200066-60C0-493A-E278-51B31EE25CCC}"
EndProject
Global
	GlobalSection(SolutionConfigurationPlatforms) = preSolution
		Debug|Any CPU = Debug|Any CPU
		Release|Any CPU = Release|Any CPU
	EndGlobalSection
	GlobalSection(ProjectConfigurationPlatforms) = postSolution
		{685AEC6A-69D7-21A3-9650-19EE00382993}.Debug|Any CPU.ActiveCfg = Debug|Any CPU
		{685AEC6A-69D7-21A3-9650-19EE00382993}.Debug|Any CPU.Build.0 = Debug|Any CPU
		{685AEC6A-69D7-21A3-9650-19EE00382993}.Release|Any CPU.ActiveCfg = Release|Any CPU
		{685AEC6A-69D7-21A3-9650-19EE00382993}.Release|Any CPU.Build.0 = Release|Any CPU
		{AE91A3A4-F258-0C24-8E42-F9E18211560E}.Debug|Any CPU.ActiveCfg = Debug|Any CPU
		{AE91A3A4-F258-0C24-8E42-F9E18211560E}.Debug|Any CPU.Build.0 = Debug|Any CPU
		{AE91A3A4-F258-0C24-8E42-F9E18211560E}.Release|Any CPU.ActiveCfg = Release|Any CPU
		{AE91A3A4-F258-0C24-8E42-F9E18211560E}.Release|Any CPU.Build.0 = Release|Any CPU
		{4A158743-0366-34F9-A9B7-1BE6CFF1ED3E}.Debug|Any CPU.ActiveCfg = Debug|Any CPU
		{4A158743-0366-34F9-A9B7-1BE6CFF1ED3E}.Debug|Any CPU.Build.0 = Debug|Any CPU
		{4A158743-0366-34F9-A9B7-1BE6CFF1ED3E}.Release|Any CPU.ActiveCfg = Release|Any CPU
		{4A158743-0366-34F9-A9B7-1BE6CFF1ED3E}.Release|Any CPU.Build.0 = Release|Any CPU
		{49B0A596-A422-6BCC-AEA7-F62253C000CF}.Debug|Any CPU.ActiveCfg = Debug|Any CPU
		{49B0A596-A422-6BCC-AEA7-F62253C000CF}.Debug|Any CPU.Build.0 = Debug|Any CPU
		{49B0A596-A422-6BCC-AEA7-F62253C000CF}.Release|Any CPU.ActiveCfg = Release|Any CPU
		{49B0A596-A422-6BCC-AEA7-F62253C000CF}.Release|Any CPU.Build.0 = Release|Any CPU
		{25EF587F-2600-52EA-E70C-3FF3C1156471}.Debug|Any CPU.ActiveCfg = Debug|Any CPU
		{25EF587F-2600-52EA-E70C-3FF3C1156471}.Debug|Any CPU.Build.0 = Debug|Any CPU
		{25EF587F-2600-52EA-E70C-3FF3C1156471}.Release|Any CPU.ActiveCfg = Release|Any CPU
		{25EF587F-2600-52EA-E70C-3FF3C1156471}.Release|Any CPU.Build.0 = Release|Any CPU
		{891DA2B3-46D5-6891-60DD-EFDD571CE2D7}.Debug|Any CPU.ActiveCfg = Debug|Any CPU
		{891DA2B3-46D5-6891-60DD-EFDD571CE2D7}.Debug|Any CPU.Build.0 = Debug|Any CPU
		{891DA2B3-46D5-6891-60DD-EFDD571CE2D7}.Release|Any CPU.ActiveCfg = Release|Any CPU
		{891DA2B3-46D5-6891-60DD-EFDD571CE2D7}.Release|Any CPU.Build.0 = Release|Any CPU
		{694E3866-A15A-8212-BD0E-F4FACCA2078C}.Debug|Any CPU.ActiveCfg = Debug|Any CPU
		{694E3866-A15A-8212-BD0E-F4FACCA2078C}.Debug|Any CPU.Build.0 = Debug|Any CPU
		{694E3866-A15A-8212-BD0E-F4FACCA2078C}.Release|Any CPU.ActiveCfg = Release|Any CPU
		{694E3866-A15A-8212-BD0E-F4FACCA2078C}.Release|Any CPU.Build.0 = Release|Any CPU
		{E445CB2F-92B1-7360-F87F-3C386AE899DC}.Debug|Any CPU.ActiveCfg = Debug|Any CPU
		{E445CB2F-92B1-7360-F87F-3C386AE899DC}.Debug|Any CPU.Build.0 = Debug|Any CPU
		{E445CB2F-92B1-7360-F87F-3C386AE899DC}.Release|Any CPU.ActiveCfg = Release|Any CPU
		{E445CB2F-92B1-7360-F87F-3C386AE899DC}.Release|Any CPU.Build.0 = Release|Any CPU
		{C97E0941-7C7C-2680-AA46-0225F31DE632}.Debug|Any CPU.ActiveCfg = Debug|Any CPU
		{C97E0941-7C7C-2680-AA46-0225F31DE632}.Debug|Any CPU.Build.0 = Debug|Any CPU
		{C97E0941-7C7C-2680-AA46-0225F31DE632}.Release|Any CPU.ActiveCfg = Release|Any CPU
		{C97E0941-7C7C-2680-AA46-0225F31DE632}.Release|Any CPU.Build.0 = Release|Any CPU
		{088F84A8-9389-8C86-08F1-083A8BE42362}.Debug|Any CPU.ActiveCfg = Debug|Any CPU
		{088F84A8-9389-8C86-08F1-083A8BE42362}.Debug|Any CPU.Build.0 = Debug|Any CPU
		{088F84A8-9389-8C86-08F1-083A8BE42362}.Release|Any CPU.ActiveCfg = Release|Any CPU
		{088F84A8-9389-8C86-08F1-083A8BE42362}.Release|Any CPU.Build.0 = Release|Any CPU
		{7FED09DF-C797-5867-297B-4BA5542D2D56}.Debug|Any CPU.ActiveCfg = Debug|Any CPU
		{7FED09DF-C797-5867-297B-4BA5542D2D56}.Debug|Any CPU.Build.0 = Debug|Any CPU
		{7FED09DF-C797-5867-297B-4BA5542D2D56}.Release|Any CPU.ActiveCfg = Release|Any CPU
		{7FED09DF-C797-5867-297B-4BA5542D2D56}.Release|Any CPU.Build.0 = Release|Any CPU
		{22957F35-9A34-7756-A291-BEB7179FBADF}.Debug|Any CPU.ActiveCfg = Debug|Any CPU
		{22957F35-9A34-7756-A291-BEB7179FBADF}.Debug|Any CPU.Build.0 = Debug|Any CPU
		{22957F35-9A34-7756-A291-BEB7179FBADF}.Release|Any CPU.ActiveCfg = Release|Any CPU
		{22957F35-9A34-7756-A291-BEB7179FBADF}.Release|Any CPU.Build.0 = Release|Any CPU
		{BAD8ABDC-E8F8-0FDE-5DBE-A82103E1EC7F}.Debug|Any CPU.ActiveCfg = Debug|Any CPU
		{BAD8ABDC-E8F8-0FDE-5DBE-A82103E1EC7F}.Debug|Any CPU.Build.0 = Debug|Any CPU
		{BAD8ABDC-E8F8-0FDE-5DBE-A82103E1EC7F}.Release|Any CPU.ActiveCfg = Release|Any CPU
		{BAD8ABDC-E8F8-0FDE-5DBE-A82103E1EC7F}.Release|Any CPU.Build.0 = Release|Any CPU
		{C19C5668-6D8A-B73A-B747-970FDC667180}.Debug|Any CPU.ActiveCfg = Debug|Any CPU
		{C19C5668-6D8A-B73A-B747-970FDC667180}.Debug|Any CPU.Build.0 = Debug|Any CPU
		{C19C5668-6D8A-B73A-B747-970FDC667180}.Release|Any CPU.ActiveCfg = Release|Any CPU
		{C19C5668-6D8A-B73A-B747-970FDC667180}.Release|Any CPU.Build.0 = Release|Any CPU
		{D88E59FF-BB98-0D21-3DEB-99EA83A409C0}.Debug|Any CPU.ActiveCfg = Debug|Any CPU
		{D88E59FF-BB98-0D21-3DEB-99EA83A409C0}.Debug|Any CPU.Build.0 = Debug|Any CPU
		{D88E59FF-BB98-0D21-3DEB-99EA83A409C0}.Release|Any CPU.ActiveCfg = Release|Any CPU
		{D88E59FF-BB98-0D21-3DEB-99EA83A409C0}.Release|Any CPU.Build.0 = Release|Any CPU
		{642B1072-D35D-B5E0-28B4-DD332F95D96E}.Debug|Any CPU.ActiveCfg = Debug|Any CPU
		{642B1072-D35D-B5E0-28B4-DD332F95D96E}.Debug|Any CPU.Build.0 = Debug|Any CPU
		{642B1072-D35D-B5E0-28B4-DD332F95D96E}.Release|Any CPU.ActiveCfg = Release|Any CPU
		{642B1072-D35D-B5E0-28B4-DD332F95D96E}.Release|Any CPU.Build.0 = Release|Any CPU
		{1212652B-551B-415D-CB9A-83315D02A801}.Debug|Any CPU.ActiveCfg = Debug|Any CPU
		{1212652B-551B-415D-CB9A-83315D02A801}.Debug|Any CPU.Build.0 = Debug|Any CPU
		{1212652B-551B-415D-CB9A-83315D02A801}.Release|Any CPU.ActiveCfg = Release|Any CPU
		{1212652B-551B-415D-CB9A-83315D02A801}.Release|Any CPU.Build.0 = Release|Any CPU
		{5BD3BFBC-B65B-41D3-F4D6-BBB17B140391}.Debug|Any CPU.ActiveCfg = Debug|Any CPU
		{5BD3BFBC-B65B-41D3-F4D6-BBB17B140391}.Debug|Any CPU.Build.0 = Debug|Any CPU
		{5BD3BFBC-B65B-41D3-F4D6-BBB17B140391}.Release|Any CPU.ActiveCfg = Release|Any CPU
		{5BD3BFBC-B65B-41D3-F4D6-BBB17B140391}.Release|Any CPU.Build.0 = Release|Any CPU
		{B902FA9E-A064-C408-719D-0D304A950C90}.Debug|Any CPU.ActiveCfg = Debug|Any CPU
		{B902FA9E-A064-C408-719D-0D304A950C90}.Debug|Any CPU.Build.0 = Debug|Any CPU
		{B902FA9E-A064-C408-719D-0D304A950C90}.Release|Any CPU.ActiveCfg = Release|Any CPU
		{B902FA9E-A064-C408-719D-0D304A950C90}.Release|Any CPU.Build.0 = Release|Any CPU
		{E8200066-60C0-493A-E278-51B31EE25CCC}.Debug|Any CPU.ActiveCfg = Debug|Any CPU
		{E8200066-60C0-493A-E278-51B31EE25CCC}.Debug|Any CPU.Build.0 = Debug|Any CPU
		{E8200066-60C0-493A-E278-51B31EE25CCC}.Release|Any CPU.ActiveCfg = Release|Any CPU
		{E8200066-60C0-493A-E278-51B31EE25CCC}.Release|Any CPU.Build.0 = Release|Any CPU
	EndGlobalSection
	GlobalSection(SolutionProperties) = preSolution
		HideSolutionNode = FALSE
	EndGlobalSection
EndGlobal
